// !$*UTF8*$!
{
	archiveVersion = 1;
	classes = {
	};
	objectVersion = 50;
	objects = {

/* Begin PBXBuildFile section */
		186291D223FA8FED001F1DB3 /* AppDelegate.swift in Sources */ = {isa = PBXBuildFile; fileRef = 186291D123FA8FED001F1DB3 /* AppDelegate.swift */; };
		186291D423FA8FED001F1DB3 /* SceneDelegate.swift in Sources */ = {isa = PBXBuildFile; fileRef = 186291D323FA8FED001F1DB3 /* SceneDelegate.swift */; };
		186291D623FA8FED001F1DB3 /* ViewController.swift in Sources */ = {isa = PBXBuildFile; fileRef = 186291D523FA8FED001F1DB3 /* ViewController.swift */; };
		186291D923FA8FED001F1DB3 /* Main.storyboard in Resources */ = {isa = PBXBuildFile; fileRef = 186291D723FA8FED001F1DB3 /* Main.storyboard */; };
		186291DB23FA8FEF001F1DB3 /* Assets.xcassets in Resources */ = {isa = PBXBuildFile; fileRef = 186291DA23FA8FEF001F1DB3 /* Assets.xcassets */; };
		186291DE23FA8FEF001F1DB3 /* LaunchScreen.storyboard in Resources */ = {isa = PBXBuildFile; fileRef = 186291DC23FA8FEF001F1DB3 /* LaunchScreen.storyboard */; };
		186291E923FA8FF0001F1DB3 /* apiTests.swift in Sources */ = {isa = PBXBuildFile; fileRef = 186291E823FA8FF0001F1DB3 /* apiTests.swift */; };
		186291F423FA8FF0001F1DB3 /* apiUITests.swift in Sources */ = {isa = PBXBuildFile; fileRef = 186291F323FA8FF0001F1DB3 /* apiUITests.swift */; };
		1862920223FA90A6001F1DB3 /* TableViewCell.swift in Sources */ = {isa = PBXBuildFile; fileRef = 1862920123FA90A6001F1DB3 /* TableViewCell.swift */; };
		1862920523FA9170001F1DB3 /* File.swift in Sources */ = {isa = PBXBuildFile; fileRef = 1862920423FA9170001F1DB3 /* File.swift */; };
		CA8C0749E29DA0F3D93F2120 /* Pods_api.framework in Frameworks */ = {isa = PBXBuildFile; fileRef = 85895E3E475ED6C8F047A25D /* Pods_api.framework */; };
		D4E38CD63AC63B53E36B22CD /* Pods_api_apiUITests.framework in Frameworks */ = {isa = PBXBuildFile; fileRef = C8C5B3371DBE9CEB7E7645C9 /* Pods_api_apiUITests.framework */; };
		E1DC7811C3C9B87471CD4CFB /* Pods_apiTests.framework in Frameworks */ = {isa = PBXBuildFile; fileRef = EB7D7DAC09BBC8E9AF20336D /* Pods_apiTests.framework */; };
/* End PBXBuildFile section */

/* Begin PBXContainerItemProxy section */
		186291E523FA8FF0001F1DB3 /* PBXContainerItemProxy */ = {
			isa = PBXContainerItemProxy;
			containerPortal = 186291C623FA8FED001F1DB3 /* Project object */;
			proxyType = 1;
			remoteGlobalIDString = 186291CD23FA8FED001F1DB3;
			remoteInfo = api;
		};
		186291F023FA8FF0001F1DB3 /* PBXContainerItemProxy */ = {
			isa = PBXContainerItemProxy;
			containerPortal = 186291C623FA8FED001F1DB3 /* Project object */;
			proxyType = 1;
			remoteGlobalIDString = 186291CD23FA8FED001F1DB3;
			remoteInfo = api;
		};
/* End PBXContainerItemProxy section */

/* Begin PBXFileReference section */
		186291CE23FA8FED001F1DB3 /* api.app */ = {isa = PBXFileReference; explicitFileType = wrapper.application; includeInIndex = 0; path = api.app; sourceTree = BUILT_PRODUCTS_DIR; };
		186291D123FA8FED001F1DB3 /* AppDelegate.swift */ = {isa = PBXFileReference; lastKnownFileType = sourcecode.swift; path = AppDelegate.swift; sourceTree = "<group>"; };
		186291D323FA8FED001F1DB3 /* SceneDelegate.swift */ = {isa = PBXFileReference; lastKnownFileType = sourcecode.swift; path = SceneDelegate.swift; sourceTree = "<group>"; };
		186291D523FA8FED001F1DB3 /* ViewController.swift */ = {isa = PBXFileReference; lastKnownFileType = sourcecode.swift; path = ViewController.swift; sourceTree = "<group>"; };
		186291D823FA8FED001F1DB3 /* Base */ = {isa = PBXFileReference; lastKnownFileType = file.storyboard; name = Base; path = Base.lproj/Main.storyboard; sourceTree = "<group>"; };
		186291DA23FA8FEF001F1DB3 /* Assets.xcassets */ = {isa = PBXFileReference; lastKnownFileType = folder.assetcatalog; path = Assets.xcassets; sourceTree = "<group>"; };
		186291DD23FA8FEF001F1DB3 /* Base */ = {isa = PBXFileReference; lastKnownFileType = file.storyboard; name = Base; path = Base.lproj/LaunchScreen.storyboard; sourceTree = "<group>"; };
		186291DF23FA8FEF001F1DB3 /* Info.plist */ = {isa = PBXFileReference; lastKnownFileType = text.plist.xml; path = Info.plist; sourceTree = "<group>"; };
		186291E423FA8FF0001F1DB3 /* apiTests.xctest */ = {isa = PBXFileReference; explicitFileType = wrapper.cfbundle; includeInIndex = 0; path = apiTests.xctest; sourceTree = BUILT_PRODUCTS_DIR; };
		186291E823FA8FF0001F1DB3 /* apiTests.swift */ = {isa = PBXFileReference; lastKnownFileType = sourcecode.swift; path = apiTests.swift; sourceTree = "<group>"; };
		186291EA23FA8FF0001F1DB3 /* Info.plist */ = {isa = PBXFileReference; lastKnownFileType = text.plist.xml; path = Info.plist; sourceTree = "<group>"; };
		186291EF23FA8FF0001F1DB3 /* apiUITests.xctest */ = {isa = PBXFileReference; explicitFileType = wrapper.cfbundle; includeInIndex = 0; path = apiUITests.xctest; sourceTree = BUILT_PRODUCTS_DIR; };
		186291F323FA8FF0001F1DB3 /* apiUITests.swift */ = {isa = PBXFileReference; lastKnownFileType = sourcecode.swift; path = apiUITests.swift; sourceTree = "<group>"; };
		186291F523FA8FF0001F1DB3 /* Info.plist */ = {isa = PBXFileReference; lastKnownFileType = text.plist.xml; path = Info.plist; sourceTree = "<group>"; };
		1862920123FA90A6001F1DB3 /* TableViewCell.swift */ = {isa = PBXFileReference; lastKnownFileType = sourcecode.swift; path = TableViewCell.swift; sourceTree = "<group>"; };
		1862920423FA9170001F1DB3 /* File.swift */ = {isa = PBXFileReference; lastKnownFileType = sourcecode.swift; path = File.swift; sourceTree = "<group>"; };
		6597D174BDEBC78EC352E4F7 /* Pods-api.debug.xcconfig */ = {isa = PBXFileReference; includeInIndex = 1; lastKnownFileType = text.xcconfig; name = "Pods-api.debug.xcconfig"; path = "Target Support Files/Pods-api/Pods-api.debug.xcconfig"; sourceTree = "<group>"; };
		85895E3E475ED6C8F047A25D /* Pods_api.framework */ = {isa = PBXFileReference; explicitFileType = wrapper.framework; includeInIndex = 0; path = Pods_api.framework; sourceTree = BUILT_PRODUCTS_DIR; };
		C8C5B3371DBE9CEB7E7645C9 /* Pods_api_apiUITests.framework */ = {isa = PBXFileReference; explicitFileType = wrapper.framework; includeInIndex = 0; path = Pods_api_apiUITests.framework; sourceTree = BUILT_PRODUCTS_DIR; };
		CD5340AA4E3D0451670B62F4 /* Pods-api.release.xcconfig */ = {isa = PBXFileReference; includeInIndex = 1; lastKnownFileType = text.xcconfig; name = "Pods-api.release.xcconfig"; path = "Target Support Files/Pods-api/Pods-api.release.xcconfig"; sourceTree = "<group>"; };
		CFCCF7333EB99588F93C4C1B /* Pods-api-apiUITests.release.xcconfig */ = {isa = PBXFileReference; includeInIndex = 1; lastKnownFileType = text.xcconfig; name = "Pods-api-apiUITests.release.xcconfig"; path = "Target Support Files/Pods-api-apiUITests/Pods-api-apiUITests.release.xcconfig"; sourceTree = "<group>"; };
		E461ACA1C64DA83CFF4652CE /* Pods-apiTests.debug.xcconfig */ = {isa = PBXFileReference; includeInIndex = 1; lastKnownFileType = text.xcconfig; name = "Pods-apiTests.debug.xcconfig"; path = "Target Support Files/Pods-apiTests/Pods-apiTests.debug.xcconfig"; sourceTree = "<group>"; };
		EB7D7DAC09BBC8E9AF20336D /* Pods_apiTests.framework */ = {isa = PBXFileReference; explicitFileType = wrapper.framework; includeInIndex = 0; path = Pods_apiTests.framework; sourceTree = BUILT_PRODUCTS_DIR; };
		EBE77E7788BCC59EF887D08D /* Pods-api-apiUITests.debug.xcconfig */ = {isa = PBXFileReference; includeInIndex = 1; lastKnownFileType = text.xcconfig; name = "Pods-api-apiUITests.debug.xcconfig"; path = "Target Support Files/Pods-api-apiUITests/Pods-api-apiUITests.debug.xcconfig"; sourceTree = "<group>"; };
		EED0FDFB00FF58DBE925D440 /* Pods-apiTests.release.xcconfig */ = {isa = PBXFileReference; includeInIndex = 1; lastKnownFileType = text.xcconfig; name = "Pods-apiTests.release.xcconfig"; path = "Target Support Files/Pods-apiTests/Pods-apiTests.release.xcconfig"; sourceTree = "<group>"; };
/* End PBXFileReference section */

/* Begin PBXFrameworksBuildPhase section */
		186291CB23FA8FED001F1DB3 /* Frameworks */ = {
			isa = PBXFrameworksBuildPhase;
			buildActionMask = 2147483647;
			files = (
				CA8C0749E29DA0F3D93F2120 /* Pods_api.framework in Frameworks */,
			);
			runOnlyForDeploymentPostprocessing = 0;
		};
		186291E123FA8FF0001F1DB3 /* Frameworks */ = {
			isa = PBXFrameworksBuildPhase;
			buildActionMask = 2147483647;
			files = (
				E1DC7811C3C9B87471CD4CFB /* Pods_apiTests.framework in Frameworks */,
			);
			runOnlyForDeploymentPostprocessing = 0;
		};
		186291EC23FA8FF0001F1DB3 /* Frameworks */ = {
			isa = PBXFrameworksBuildPhase;
			buildActionMask = 2147483647;
			files = (
				D4E38CD63AC63B53E36B22CD /* Pods_api_apiUITests.framework in Frameworks */,
			);
			runOnlyForDeploymentPostprocessing = 0;
		};
/* End PBXFrameworksBuildPhase section */

/* Begin PBXGroup section */
		186291C523FA8FED001F1DB3 = {
			isa = PBXGroup;
			children = (
				186291D023FA8FED001F1DB3 /* api */,
				186291E723FA8FF0001F1DB3 /* apiTests */,
				186291F223FA8FF0001F1DB3 /* apiUITests */,
				186291CF23FA8FED001F1DB3 /* Products */,
				AB0963D39F2AF1077B9BC7BE /* Pods */,
				E86BCB21962E25338BD9510B /* Frameworks */,
			);
			sourceTree = "<group>";
		};
		186291CF23FA8FED001F1DB3 /* Products */ = {
			isa = PBXGroup;
			children = (
				186291CE23FA8FED001F1DB3 /* api.app */,
				186291E423FA8FF0001F1DB3 /* apiTests.xctest */,
				186291EF23FA8FF0001F1DB3 /* apiUITests.xctest */,
			);
			name = Products;
			sourceTree = "<group>";
		};
		186291D023FA8FED001F1DB3 /* api */ = {
			isa = PBXGroup;
			children = (
				1862920323FA915B001F1DB3 /* Model */,
				186291D123FA8FED001F1DB3 /* AppDelegate.swift */,
				186291D323FA8FED001F1DB3 /* SceneDelegate.swift */,
				186291D523FA8FED001F1DB3 /* ViewController.swift */,
				186291D723FA8FED001F1DB3 /* Main.storyboard */,
				1862920123FA90A6001F1DB3 /* TableViewCell.swift */,
				186291DA23FA8FEF001F1DB3 /* Assets.xcassets */,
				186291DC23FA8FEF001F1DB3 /* LaunchScreen.storyboard */,
				186291DF23FA8FEF001F1DB3 /* Info.plist */,
			);
			path = api;
			sourceTree = "<group>";
		};
		186291E723FA8FF0001F1DB3 /* apiTests */ = {
			isa = PBXGroup;
			children = (
				186291E823FA8FF0001F1DB3 /* apiTests.swift */,
				186291EA23FA8FF0001F1DB3 /* Info.plist */,
			);
			path = apiTests;
			sourceTree = "<group>";
		};
		186291F223FA8FF0001F1DB3 /* apiUITests */ = {
			isa = PBXGroup;
			children = (
				186291F323FA8FF0001F1DB3 /* apiUITests.swift */,
				186291F523FA8FF0001F1DB3 /* Info.plist */,
			);
			path = apiUITests;
			sourceTree = "<group>";
		};
		1862920323FA915B001F1DB3 /* Model */ = {
			isa = PBXGroup;
			children = (
				1862920423FA9170001F1DB3 /* File.swift */,
			);
			path = Model;
			sourceTree = "<group>";
		};
		AB0963D39F2AF1077B9BC7BE /* Pods */ = {
			isa = PBXGroup;
			children = (
				6597D174BDEBC78EC352E4F7 /* Pods-api.debug.xcconfig */,
				CD5340AA4E3D0451670B62F4 /* Pods-api.release.xcconfig */,
				EBE77E7788BCC59EF887D08D /* Pods-api-apiUITests.debug.xcconfig */,
				CFCCF7333EB99588F93C4C1B /* Pods-api-apiUITests.release.xcconfig */,
				E461ACA1C64DA83CFF4652CE /* Pods-apiTests.debug.xcconfig */,
				EED0FDFB00FF58DBE925D440 /* Pods-apiTests.release.xcconfig */,
			);
			name = Pods;
			path = Pods;
			sourceTree = "<group>";
		};
		E86BCB21962E25338BD9510B /* Frameworks */ = {
			isa = PBXGroup;
			children = (
				85895E3E475ED6C8F047A25D /* Pods_api.framework */,
				C8C5B3371DBE9CEB7E7645C9 /* Pods_api_apiUITests.framework */,
				EB7D7DAC09BBC8E9AF20336D /* Pods_apiTests.framework */,
			);
			name = Frameworks;
			sourceTree = "<group>";
		};
/* End PBXGroup section */

/* Begin PBXNativeTarget section */
		186291CD23FA8FED001F1DB3 /* api */ = {
			isa = PBXNativeTarget;
			buildConfigurationList = 186291F823FA8FF0001F1DB3 /* Build configuration list for PBXNativeTarget "api" */;
			buildPhases = (
				8D9D4061CC5ACC9DD8A7C802 /* [CP] Check Pods Manifest.lock */,
				186291CA23FA8FED001F1DB3 /* Sources */,
				186291CB23FA8FED001F1DB3 /* Frameworks */,
				186291CC23FA8FED001F1DB3 /* Resources */,
				4C34EE21BDABCD2DDBBB0E45 /* [CP] Embed Pods Frameworks */,
			);
			buildRules = (
			);
			dependencies = (
			);
			name = api;
			productName = api;
			productReference = 186291CE23FA8FED001F1DB3 /* api.app */;
			productType = "com.apple.product-type.application";
		};
		186291E323FA8FF0001F1DB3 /* apiTests */ = {
			isa = PBXNativeTarget;
			buildConfigurationList = 186291FB23FA8FF0001F1DB3 /* Build configuration list for PBXNativeTarget "apiTests" */;
			buildPhases = (
				F2A418347FE93385829B4BA0 /* [CP] Check Pods Manifest.lock */,
				186291E023FA8FF0001F1DB3 /* Sources */,
				186291E123FA8FF0001F1DB3 /* Frameworks */,
				186291E223FA8FF0001F1DB3 /* Resources */,
			);
			buildRules = (
			);
			dependencies = (
				186291E623FA8FF0001F1DB3 /* PBXTargetDependency */,
			);
			name = apiTests;
			productName = apiTests;
			productReference = 186291E423FA8FF0001F1DB3 /* apiTests.xctest */;
			productType = "com.apple.product-type.bundle.unit-test";
		};
		186291EE23FA8FF0001F1DB3 /* apiUITests */ = {
			isa = PBXNativeTarget;
			buildConfigurationList = 186291FE23FA8FF0001F1DB3 /* Build configuration list for PBXNativeTarget "apiUITests" */;
			buildPhases = (
				5133DAC4FAD4C2F7873E9B7F /* [CP] Check Pods Manifest.lock */,
				186291EB23FA8FF0001F1DB3 /* Sources */,
				186291EC23FA8FF0001F1DB3 /* Frameworks */,
				186291ED23FA8FF0001F1DB3 /* Resources */,
				D67512513FE8FCF7D312B712 /* [CP] Embed Pods Frameworks */,
			);
			buildRules = (
			);
			dependencies = (
				186291F123FA8FF0001F1DB3 /* PBXTargetDependency */,
			);
			name = apiUITests;
			productName = apiUITests;
			productReference = 186291EF23FA8FF0001F1DB3 /* apiUITests.xctest */;
			productType = "com.apple.product-type.bundle.ui-testing";
		};
/* End PBXNativeTarget section */

/* Begin PBXProject section */
		186291C623FA8FED001F1DB3 /* Project object */ = {
			isa = PBXProject;
			attributes = {
				LastSwiftUpdateCheck = 1130;
				LastUpgradeCheck = 1130;
				ORGANIZATIONNAME = "Apple MacBook Pro";
				TargetAttributes = {
					186291CD23FA8FED001F1DB3 = {
						CreatedOnToolsVersion = 11.3.1;
					};
					186291E323FA8FF0001F1DB3 = {
						CreatedOnToolsVersion = 11.3.1;
						TestTargetID = 186291CD23FA8FED001F1DB3;
					};
					186291EE23FA8FF0001F1DB3 = {
						CreatedOnToolsVersion = 11.3.1;
						TestTargetID = 186291CD23FA8FED001F1DB3;
					};
				};
			};
			buildConfigurationList = 186291C923FA8FED001F1DB3 /* Build configuration list for PBXProject "api" */;
			compatibilityVersion = "Xcode 9.3";
			developmentRegion = en;
			hasScannedForEncodings = 0;
			knownRegions = (
				en,
				Base,
			);
			mainGroup = 186291C523FA8FED001F1DB3;
			productRefGroup = 186291CF23FA8FED001F1DB3 /* Products */;
			projectDirPath = "";
			projectRoot = "";
			targets = (
				186291CD23FA8FED001F1DB3 /* api */,
				186291E323FA8FF0001F1DB3 /* apiTests */,
				186291EE23FA8FF0001F1DB3 /* apiUITests */,
			);
		};
/* End PBXProject section */

/* Begin PBXResourcesBuildPhase section */
		186291CC23FA8FED001F1DB3 /* Resources */ = {
			isa = PBXResourcesBuildPhase;
			buildActionMask = 2147483647;
			files = (
				186291DE23FA8FEF001F1DB3 /* LaunchScreen.storyboard in Resources */,
				186291DB23FA8FEF001F1DB3 /* Assets.xcassets in Resources */,
				186291D923FA8FED001F1DB3 /* Main.storyboard in Resources */,
			);
			runOnlyForDeploymentPostprocessing = 0;
		};
		186291E223FA8FF0001F1DB3 /* Resources */ = {
			isa = PBXResourcesBuildPhase;
			buildActionMask = 2147483647;
			files = (
			);
			runOnlyForDeploymentPostprocessing = 0;
		};
		186291ED23FA8FF0001F1DB3 /* Resources */ = {
			isa = PBXResourcesBuildPhase;
			buildActionMask = 2147483647;
			files = (
			);
			runOnlyForDeploymentPostprocessing = 0;
		};
/* End PBXResourcesBuildPhase section */

/* Begin PBXShellScriptBuildPhase section */
		4C34EE21BDABCD2DDBBB0E45 /* [CP] Embed Pods Frameworks */ = {
			isa = PBXShellScriptBuildPhase;
			buildActionMask = 2147483647;
			files = (
			);
			inputFileListPaths = (
				"${PODS_ROOT}/Target Support Files/Pods-api/Pods-api-frameworks-${CONFIGURATION}-input-files.xcfilelist",
			);
			name = "[CP] Embed Pods Frameworks";
			outputFileListPaths = (
				"${PODS_ROOT}/Target Support Files/Pods-api/Pods-api-frameworks-${CONFIGURATION}-output-files.xcfilelist",
			);
			runOnlyForDeploymentPostprocessing = 0;
			shellPath = /bin/sh;
			shellScript = "\"${PODS_ROOT}/Target Support Files/Pods-api/Pods-api-frameworks.sh\"\n";
			showEnvVarsInLog = 0;
		};
		5133DAC4FAD4C2F7873E9B7F /* [CP] Check Pods Manifest.lock */ = {
			isa = PBXShellScriptBuildPhase;
			buildActionMask = 2147483647;
			files = (
			);
			inputFileListPaths = (
			);
			inputPaths = (
				"${PODS_PODFILE_DIR_PATH}/Podfile.lock",
				"${PODS_ROOT}/Manifest.lock",
			);
			name = "[CP] Check Pods Manifest.lock";
			outputFileListPaths = (
			);
			outputPaths = (
				"$(DERIVED_FILE_DIR)/Pods-api-apiUITests-checkManifestLockResult.txt",
			);
			runOnlyForDeploymentPostprocessing = 0;
			shellPath = /bin/sh;
			shellScript = "diff \"${PODS_PODFILE_DIR_PATH}/Podfile.lock\" \"${PODS_ROOT}/Manifest.lock\" > /dev/null\nif [ $? != 0 ] ; then\n    # print error to STDERR\n    echo \"error: The sandbox is not in sync with the Podfile.lock. Run 'pod install' or update your CocoaPods installation.\" >&2\n    exit 1\nfi\n# This output is used by Xcode 'outputs' to avoid re-running this script phase.\necho \"SUCCESS\" > \"${SCRIPT_OUTPUT_FILE_0}\"\n";
			showEnvVarsInLog = 0;
		};
		8D9D4061CC5ACC9DD8A7C802 /* [CP] Check Pods Manifest.lock */ = {
			isa = PBXShellScriptBuildPhase;
			buildActionMask = 2147483647;
			files = (
			);
			inputFileListPaths = (
			);
			inputPaths = (
				"${PODS_PODFILE_DIR_PATH}/Podfile.lock",
				"${PODS_ROOT}/Manifest.lock",
			);
			name = "[CP] Check Pods Manifest.lock";
			outputFileListPaths = (
			);
			outputPaths = (
				"$(DERIVED_FILE_DIR)/Pods-api-checkManifestLockResult.txt",
			);
			runOnlyForDeploymentPostprocessing = 0;
			shellPath = /bin/sh;
			shellScript = "diff \"${PODS_PODFILE_DIR_PATH}/Podfile.lock\" \"${PODS_ROOT}/Manifest.lock\" > /dev/null\nif [ $? != 0 ] ; then\n    # print error to STDERR\n    echo \"error: The sandbox is not in sync with the Podfile.lock. Run 'pod install' or update your CocoaPods installation.\" >&2\n    exit 1\nfi\n# This output is used by Xcode 'outputs' to avoid re-running this script phase.\necho \"SUCCESS\" > \"${SCRIPT_OUTPUT_FILE_0}\"\n";
			showEnvVarsInLog = 0;
		};
		D67512513FE8FCF7D312B712 /* [CP] Embed Pods Frameworks */ = {
			isa = PBXShellScriptBuildPhase;
			buildActionMask = 2147483647;
			files = (
			);
			inputFileListPaths = (
				"${PODS_ROOT}/Target Support Files/Pods-api-apiUITests/Pods-api-apiUITests-frameworks-${CONFIGURATION}-input-files.xcfilelist",
			);
			name = "[CP] Embed Pods Frameworks";
			outputFileListPaths = (
				"${PODS_ROOT}/Target Support Files/Pods-api-apiUITests/Pods-api-apiUITests-frameworks-${CONFIGURATION}-output-files.xcfilelist",
			);
			runOnlyForDeploymentPostprocessing = 0;
			shellPath = /bin/sh;
			shellScript = "\"${PODS_ROOT}/Target Support Files/Pods-api-apiUITests/Pods-api-apiUITests-frameworks.sh\"\n";
			showEnvVarsInLog = 0;
		};
		F2A418347FE93385829B4BA0 /* [CP] Check Pods Manifest.lock */ = {
			isa = PBXShellScriptBuildPhase;
			buildActionMask = 2147483647;
			files = (
			);
			inputFileListPaths = (
			);
			inputPaths = (
				"${PODS_PODFILE_DIR_PATH}/Podfile.lock",
				"${PODS_ROOT}/Manifest.lock",
			);
			name = "[CP] Check Pods Manifest.lock";
			outputFileListPaths = (
			);
			outputPaths = (
				"$(DERIVED_FILE_DIR)/Pods-apiTests-checkManifestLockResult.txt",
			);
			runOnlyForDeploymentPostprocessing = 0;
			shellPath = /bin/sh;
			shellScript = "diff \"${PODS_PODFILE_DIR_PATH}/Podfile.lock\" \"${PODS_ROOT}/Manifest.lock\" > /dev/null\nif [ $? != 0 ] ; then\n    # print error to STDERR\n    echo \"error: The sandbox is not in sync with the Podfile.lock. Run 'pod install' or update your CocoaPods installation.\" >&2\n    exit 1\nfi\n# This output is used by Xcode 'outputs' to avoid re-running this script phase.\necho \"SUCCESS\" > \"${SCRIPT_OUTPUT_FILE_0}\"\n";
			showEnvVarsInLog = 0;
		};
/* End PBXShellScriptBuildPhase section */

/* Begin PBXSourcesBuildPhase section */
		186291CA23FA8FED001F1DB3 /* Sources */ = {
			isa = PBXSourcesBuildPhase;
			buildActionMask = 2147483647;
			files = (
				1862920523FA9170001F1DB3 /* File.swift in Sources */,
				186291D623FA8FED001F1DB3 /* ViewController.swift in Sources */,
				1862920223FA90A6001F1DB3 /* TableViewCell.swift in Sources */,
				186291D223FA8FED001F1DB3 /* AppDelegate.swift in Sources */,
				186291D423FA8FED001F1DB3 /* SceneDelegate.swift in Sources */,
			);
			runOnlyForDeploymentPostprocessing = 0;
		};
		186291E023FA8FF0001F1DB3 /* Sources */ = {
			isa = PBXSourcesBuildPhase;
			buildActionMask = 2147483647;
			files = (
				186291E923FA8FF0001F1DB3 /* apiTests.swift in Sources */,
			);
			runOnlyForDeploymentPostprocessing = 0;
		};
		186291EB23FA8FF0001F1DB3 /* Sources */ = {
			isa = PBXSourcesBuildPhase;
			buildActionMask = 2147483647;
			files = (
				186291F423FA8FF0001F1DB3 /* apiUITests.swift in Sources */,
			);
			runOnlyForDeploymentPostprocessing = 0;
		};
/* End PBXSourcesBuildPhase section */

/* Begin PBXTargetDependency section */
		186291E623FA8FF0001F1DB3 /* PBXTargetDependency */ = {
			isa = PBXTargetDependency;
			target = 186291CD23FA8FED001F1DB3 /* api */;
			targetProxy = 186291E523FA8FF0001F1DB3 /* PBXContainerItemProxy */;
		};
		186291F123FA8FF0001F1DB3 /* PBXTargetDependency */ = {
			isa = PBXTargetDependency;
			target = 186291CD23FA8FED001F1DB3 /* api */;
			targetProxy = 186291F023FA8FF0001F1DB3 /* PBXContainerItemProxy */;
		};
/* End PBXTargetDependency section */

/* Begin PBXVariantGroup section */
		186291D723FA8FED001F1DB3 /* Main.storyboard */ = {
			isa = PBXVariantGroup;
			children = (
				186291D823FA8FED001F1DB3 /* Base */,
			);
			name = Main.storyboard;
			sourceTree = "<group>";
		};
		186291DC23FA8FEF001F1DB3 /* LaunchScreen.storyboard */ = {
			isa = PBXVariantGroup;
			children = (
				186291DD23FA8FEF001F1DB3 /* Base */,
			);
			name = LaunchScreen.storyboard;
			sourceTree = "<group>";
		};
/* End PBXVariantGroup section */

/* Begin XCBuildConfiguration section */
		186291F623FA8FF0001F1DB3 /* Debug */ = {
			isa = XCBuildConfiguration;
			buildSettings = {
				ALWAYS_SEARCH_USER_PATHS = NO;
				CLANG_ANALYZER_NONNULL = YES;
				CLANG_ANALYZER_NUMBER_OBJECT_CONVERSION = YES_AGGRESSIVE;
				CLANG_CXX_LANGUAGE_STANDARD = "gnu++14";
				CLANG_CXX_LIBRARY = "libc++";
				CLANG_ENABLE_MODULES = YES;
				CLANG_ENABLE_OBJC_ARC = YES;
				CLANG_ENABLE_OBJC_WEAK = YES;
				CLANG_WARN_BLOCK_CAPTURE_AUTORELEASING = YES;
				CLANG_WARN_BOOL_CONVERSION = YES;
				CLANG_WARN_COMMA = YES;
				CLANG_WARN_CONSTANT_CONVERSION = YES;
				CLANG_WARN_DEPRECATED_OBJC_IMPLEMENTATIONS = YES;
				CLANG_WARN_DIRECT_OBJC_ISA_USAGE = YES_ERROR;
				CLANG_WARN_DOCUMENTATION_COMMENTS = YES;
				CLANG_WARN_EMPTY_BODY = YES;
				CLANG_WARN_ENUM_CONVERSION = YES;
				CLANG_WARN_INFINITE_RECURSION = YES;
				CLANG_WARN_INT_CONVERSION = YES;
				CLANG_WARN_NON_LITERAL_NULL_CONVERSION = YES;
				CLANG_WARN_OBJC_IMPLICIT_RETAIN_SELF = YES;
				CLANG_WARN_OBJC_LITERAL_CONVERSION = YES;
				CLANG_WARN_OBJC_ROOT_CLASS = YES_ERROR;
				CLANG_WARN_RANGE_LOOP_ANALYSIS = YES;
				CLANG_WARN_STRICT_PROTOTYPES = YES;
				CLANG_WARN_SUSPICIOUS_MOVE = YES;
				CLANG_WARN_UNGUARDED_AVAILABILITY = YES_AGGRESSIVE;
				CLANG_WARN_UNREACHABLE_CODE = YES;
				CLANG_WARN__DUPLICATE_METHOD_MATCH = YES;
				COPY_PHASE_STRIP = NO;
				DEBUG_INFORMATION_FORMAT = dwarf;
				ENABLE_STRICT_OBJC_MSGSEND = YES;
				ENABLE_TESTABILITY = YES;
				GCC_C_LANGUAGE_STANDARD = gnu11;
				GCC_DYNAMIC_NO_PIC = NO;
				GCC_NO_COMMON_BLOCKS = YES;
				GCC_OPTIMIZATION_LEVEL = 0;
				GCC_PREPROCESSOR_DEFINITIONS = (
					"DEBUG=1",
					"$(inherited)",
				);
				GCC_WARN_64_TO_32_BIT_CONVERSION = YES;
				GCC_WARN_ABOUT_RETURN_TYPE = YES_ERROR;
				GCC_WARN_UNDECLARED_SELECTOR = YES;
				GCC_WARN_UNINITIALIZED_AUTOS = YES_AGGRESSIVE;
				GCC_WARN_UNUSED_FUNCTION = YES;
				GCC_WARN_UNUSED_VARIABLE = YES;
				IPHONEOS_DEPLOYMENT_TARGET = 13.2;
				MTL_ENABLE_DEBUG_INFO = INCLUDE_SOURCE;
				MTL_FAST_MATH = YES;
				ONLY_ACTIVE_ARCH = YES;
				SDKROOT = iphoneos;
				SWIFT_ACTIVE_COMPILATION_CONDITIONS = DEBUG;
				SWIFT_OPTIMIZATION_LEVEL = "-Onone";
			};
			name = Debug;
		};
		186291F723FA8FF0001F1DB3 /* Release */ = {
			isa = XCBuildConfiguration;
			buildSettings = {
				ALWAYS_SEARCH_USER_PATHS = NO;
				CLANG_ANALYZER_NONNULL = YES;
				CLANG_ANALYZER_NUMBER_OBJECT_CONVERSION = YES_AGGRESSIVE;
				CLANG_CXX_LANGUAGE_STANDARD = "gnu++14";
				CLANG_CXX_LIBRARY = "libc++";
				CLANG_ENABLE_MODULES = YES;
				CLANG_ENABLE_OBJC_ARC = YES;
				CLANG_ENABLE_OBJC_WEAK = YES;
				CLANG_WARN_BLOCK_CAPTURE_AUTORELEASING = YES;
				CLANG_WARN_BOOL_CONVERSION = YES;
				CLANG_WARN_COMMA = YES;
				CLANG_WARN_CONSTANT_CONVERSION = YES;
				CLANG_WARN_DEPRECATED_OBJC_IMPLEMENTATIONS = YES;
				CLANG_WARN_DIRECT_OBJC_ISA_USAGE = YES_ERROR;
				CLANG_WARN_DOCUMENTATION_COMMENTS = YES;
				CLANG_WARN_EMPTY_BODY = YES;
				CLANG_WARN_ENUM_CONVERSION = YES;
				CLANG_WARN_INFINITE_RECURSION = YES;
				CLANG_WARN_INT_CONVERSION = YES;
				CLANG_WARN_NON_LITERAL_NULL_CONVERSION = YES;
				CLANG_WARN_OBJC_IMPLICIT_RETAIN_SELF = YES;
				CLANG_WARN_OBJC_LITERAL_CONVERSION = YES;
				CLANG_WARN_OBJC_ROOT_CLASS = YES_ERROR;
				CLANG_WARN_RANGE_LOOP_ANALYSIS = YES;
				CLANG_WARN_STRICT_PROTOTYPES = YES;
				CLANG_WARN_SUSPICIOUS_MOVE = YES;
				CLANG_WARN_UNGUARDED_AVAILABILITY = YES_AGGRESSIVE;
				CLANG_WARN_UNREACHABLE_CODE = YES;
				CLANG_WARN__DUPLICATE_METHOD_MATCH = YES;
				COPY_PHASE_STRIP = NO;
				DEBUG_INFORMATION_FORMAT = "dwarf-with-dsym";
				ENABLE_NS_ASSERTIONS = NO;
				ENABLE_STRICT_OBJC_MSGSEND = YES;
				GCC_C_LANGUAGE_STANDARD = gnu11;
				GCC_NO_COMMON_BLOCKS = YES;
				GCC_WARN_64_TO_32_BIT_CONVERSION = YES;
				GCC_WARN_ABOUT_RETURN_TYPE = YES_ERROR;
				GCC_WARN_UNDECLARED_SELECTOR = YES;
				GCC_WARN_UNINITIALIZED_AUTOS = YES_AGGRESSIVE;
				GCC_WARN_UNUSED_FUNCTION = YES;
				GCC_WARN_UNUSED_VARIABLE = YES;
				IPHONEOS_DEPLOYMENT_TARGET = 13.2;
				MTL_ENABLE_DEBUG_INFO = NO;
				MTL_FAST_MATH = YES;
				SDKROOT = iphoneos;
				SWIFT_COMPILATION_MODE = wholemodule;
				SWIFT_OPTIMIZATION_LEVEL = "-O";
				VALIDATE_PRODUCT = YES;
			};
			name = Release;
		};
		186291F923FA8FF0001F1DB3 /* Debug */ = {
			isa = XCBuildConfiguration;
			baseConfigurationReference = 6597D174BDEBC78EC352E4F7 /* Pods-api.debug.xcconfig */;
			buildSettings = {
				ASSETCATALOG_COMPILER_APPICON_NAME = AppIcon;
				CODE_SIGN_STYLE = Automatic;
				INFOPLIST_FILE = api/Info.plist;
				LD_RUNPATH_SEARCH_PATHS = (
					"$(inherited)",
					"@executable_path/Frameworks",
				);
				PRODUCT_BUNDLE_IDENTIFIER = Abdullah.api;
				PRODUCT_NAME = "$(TARGET_NAME)";
				SWIFT_VERSION = 5.0;
				TARGETED_DEVICE_FAMILY = "1,2";
			};
			name = Debug;
		};
		186291FA23FA8FF0001F1DB3 /* Release */ = {
			isa = XCBuildConfiguration;
			baseConfigurationReference = CD5340AA4E3D0451670B62F4 /* Pods-api.release.xcconfig */;
			buildSettings = {
				ASSETCATALOG_COMPILER_APPICON_NAME = AppIcon;
				CODE_SIGN_STYLE = Automatic;
				INFOPLIST_FILE = api/Info.plist;
				LD_RUNPATH_SEARCH_PATHS = (
					"$(inherited)",
					"@executable_path/Frameworks",
				);
				PRODUCT_BUNDLE_IDENTIFIER = Abdullah.api;
				PRODUCT_NAME = "$(TARGET_NAME)";
				SWIFT_VERSION = 5.0;
				TARGETED_DEVICE_FAMILY = "1,2";
			};
			name = Release;
		};
		186291FC23FA8FF0001F1DB3 /* Debug */ = {
			isa = XCBuildConfiguration;
			baseConfigurationReference = E461ACA1C64DA83CFF4652CE /* Pods-apiTests.debug.xcconfig */;
			buildSettings = {
				ALWAYS_EMBED_SWIFT_STANDARD_LIBRARIES = YES;
				BUNDLE_LOADER = "$(TEST_HOST)";
				CODE_SIGN_STYLE = Automatic;
				INFOPLIST_FILE = apiTests/Info.plist;
				IPHONEOS_DEPLOYMENT_TARGET = 13.2;
				LD_RUNPATH_SEARCH_PATHS = (
					"$(inherited)",
					"@executable_path/Frameworks",
					"@loader_path/Frameworks",
				);
				PRODUCT_BUNDLE_IDENTIFIER = Abdullah.apiTests;
				PRODUCT_NAME = "$(TARGET_NAME)";
				SWIFT_VERSION = 5.0;
				TARGETED_DEVICE_FAMILY = "1,2";
				TEST_HOST = "$(BUILT_PRODUCTS_DIR)/api.app/api";
			};
			name = Debug;
		};
		186291FD23FA8FF0001F1DB3 /* Release */ = {
			isa = XCBuildConfiguration;
			baseConfigurationReference = EED0FDFB00FF58DBE925D440 /* Pods-apiTests.release.xcconfig */;
			buildSettings = {
				ALWAYS_EMBED_SWIFT_STANDARD_LIBRARIES = YES;
				BUNDLE_LOADER = "$(TEST_HOST)";
				CODE_SIGN_STYLE = Automatic;
				INFOPLIST_FILE = apiTests/Info.plist;
				IPHONEOS_DEPLOYMENT_TARGET = 13.2;
				LD_RUNPATH_SEARCH_PATHS = (
					"$(inherited)",
					"@executable_path/Frameworks",
					"@loader_path/Frameworks",
				);
				PRODUCT_BUNDLE_IDENTIFIER = Abdullah.apiTests;
				PRODUCT_NAME = "$(TARGET_NAME)";
				SWIFT_VERSION = 5.0;
				TARGETED_DEVICE_FAMILY = "1,2";
				TEST_HOST = "$(BUILT_PRODUCTS_DIR)/api.app/api";
			};
			name = Release;
		};
		186291FF23FA8FF0001F1DB3 /* Debug */ = {
			isa = XCBuildConfiguration;
			baseConfigurationReference = EBE77E7788BCC59EF887D08D /* Pods-api-apiUITests.debug.xcconfig */;
			buildSettings = {
				ALWAYS_EMBED_SWIFT_STANDARD_LIBRARIES = YES;
				CODE_SIGN_STYLE = Automatic;
				INFOPLIST_FILE = apiUITests/Info.plist;
				LD_RUNPATH_SEARCH_PATHS = (
					"$(inherited)",
					"@executable_path/Frameworks",
					"@loader_path/Frameworks",
				);
				PRODUCT_BUNDLE_IDENTIFIER = Abdullah.apiUITests;
				PRODUCT_NAME = "$(TARGET_NAME)";
				SWIFT_VERSION = 5.0;
				TARGETED_DEVICE_FAMILY = "1,2";
				TEST_TARGET_NAME = api;
			};
			name = Debug;
		};
		1862920023FA8FF0001F1DB3 /* Release */ = {
			isa = XCBuildConfiguration;
			baseConfigurationReference = CFCCF7333EB99588F93C4C1B /* Pods-api-apiUITests.release.xcconfig */;
			buildSettings = {
				ALWAYS_EMBED_SWIFT_STANDARD_LIBRARIES = YES;
				CODE_SIGN_STYLE = Automatic;
				INFOPLIST_FILE = apiUITests/Info.plist;
				LD_RUNPATH_SEARCH_PATHS = (
					"$(inherited)",
					"@executable_path/Frameworks",
					"@loader_path/Frameworks",
				);
				PRODUCT_BUNDLE_IDENTIFIER = Abdullah.apiUITests;
				PRODUCT_NAME = "$(TARGET_NAME)";
				SWIFT_VERSION = 5.0;
				TARGETED_DEVICE_FAMILY = "1,2";
				TEST_TARGET_NAME = api;
			};
			name = Release;
		};
/* End XCBuildConfiguration section */

/* Begin XCConfigurationList section */
		186291C923FA8FED001F1DB3 /* Build configuration list for PBXProject "api" */ = {
			isa = XCConfigurationList;
			buildConfigurations = (
				186291F623FA8FF0001F1DB3 /* Debug */,
				186291F723FA8FF0001F1DB3 /* Release */,
			);
			defaultConfigurationIsVisible = 0;
			defaultConfigurationName = Release;
		};
		186291F823FA8FF0001F1DB3 /* Build configuration list for PBXNativeTarget "api" */ = {
			isa = XCConfigurationList;
			buildConfigurations = (
				186291F923FA8FF0001F1DB3 /* Debug */,
				186291FA23FA8FF0001F1DB3 /* Release */,
			);
			defaultConfigurationIsVisible = 0;
			defaultConfigurationName = Release;
		};
		186291FB23FA8FF0001F1DB3 /* Build configuration list for PBXNativeTarget "apiTests" */ = {
			isa = XCConfigurationList;
			buildConfigurations = (
				186291FC23FA8FF0001F1DB3 /* Debug */,
				186291FD23FA8FF0001F1DB3 /* Release */,
			);
			defaultConfigurationIsVisible = 0;
			defaultConfigurationName = Release;
		};
		186291FE23FA8FF0001F1DB3 /* Build configuration list for PBXNativeTarget "apiUITests" */ = {
			isa = XCConfigurationList;
			buildConfigurations = (
				186291FF23FA8FF0001F1DB3 /* Debug */,
				1862920023FA8FF0001F1DB3 /* Release */,
			);
			defaultConfigurationIsVisible = 0;
			defaultConfigurationName = Release;
		};
/* End XCConfigurationList section */
	};
	rootObject = 186291C623FA8FED001F1DB3 /* Project object */;
}
